<?xml version="1.0" encoding="UTF-8" standalone="yes" ?>
<CodeBlocks_project_file>
	<FileVersion major="1" minor="6" />
	<Project>
		<Option title="TemperFine" />
		<Option pch_mode="2" />
		<Option compiler="gcc" />
		<Option virtualFolders="Configs\;Managers\;Utility\;Physics\;" />
		<Build>
			<Target title="Debug">
				<Option output="bin/Debug/TemperFine" prefix_auto="1" extension_auto="1" />
				<Option object_output="obj/Debug/" />
				<Option type="1" />
				<Option compiler="gcc" />
				<Compiler>
					<Add option="-g" />
					<Add directory="include" />
				</Compiler>
				<Linker>
					<Add library="lib\libglew32.dll.a" />
					<Add library="lib\libsfml-audio-d.a" />
					<Add library="lib\libsfml-system-d.a" />
					<Add library="lib\libsfml-window-d.a" />
					<Add library="opengl32" />
				</Linker>
			</Target>
			<Target title="Release">
				<Option output="bin/Release/TemperFine" prefix_auto="1" extension_auto="1" />
				<Option object_output="obj/Release/" />
				<Option type="1" />
				<Option compiler="gcc" />
				<Compiler>
					<Add option="-O2" />
					<Add option="-std=c++11" />
					<Add directory="include" />
				</Compiler>
				<Linker>
					<Add option="-s" />
					<Add library="lib\libglew32.dll.a" />
					<Add library="lib\libsfml-audio.a" />
					<Add library="lib\libsfml-system.a" />
					<Add library="lib\libsfml-window.a" />
					<Add library="opengl32" />
				</Linker>
			</Target>
		</Build>
		<Compiler>
			<Add option="-Wall" />
		</Compiler>
		<Unit filename="LICENSE" />
		<Unit filename="README.md" />
		<Unit filename="config/graphics.txt" />
		<Unit filename="config/keyBindings.txt" />
		<Unit filename="config/physics.txt" />
		<Unit filename="fonts/DejaVuSans.ttf" />
		<Unit filename="include/ConfigManager.h">
			<Option virtualFolder="Managers/" />
		</Unit>
		<Unit filename="include/Constants.h">
			<Option virtualFolder="Utility/" />
		</Unit>
		<Unit filename="include/ConversionUtils.h">
			<Option virtualFolder="Utility/" />
		</Unit>
		<Unit filename="include/FontManager.h">
			<Option virtualFolder="Managers/" />
		</Unit>
		<Unit filename="include/GraphicsConfig.h">
			<Option virtualFolder="Configs/" />
		</Unit>
		<Unit filename="include/ImageManager.h">
			<Option virtualFolder="Managers/" />
		</Unit>
		<Unit filename="include/ImageTexture.h" />
		<Unit filename="include/KeyBindingConfig.h">
			<Option virtualFolder="Configs/" />
		</Unit>
		<Unit filename="include/Logger.h">
			<Option virtualFolder="Utility/" />
		</Unit>
		<Unit filename="include/MapInfo.h" />
		<Unit filename="include/MapManager.h">
			<Option virtualFolder="Managers/" />
		</Unit>
		<Unit filename="include/Physics.h">
			<Option virtualFolder="Physics/" />
		</Unit>
		<Unit filename="include/PhysicsConfig.h">
			<Option virtualFolder="Configs/" />
		</Unit>
		<Unit filename="include/ShaderManager.h">
			<Option virtualFolder="Managers/" />
		</Unit>
		<Unit filename="include/Statistics.h" />
		<Unit filename="include/StringUtils.h">
			<Option virtualFolder="Utility/" />
		</Unit>
		<Unit filename="include/TemperFine.h" />
		<Unit filename="include/TextInfo.h">
			<Option virtualFolder="Utility/" />
		</Unit>
		<Unit filename="include/Vertex.h">
			<Option virtualFolder="Utility/" />
		</Unit>
		<Unit filename="include/Viewer.h" />
		<Unit filename="include/VoxelMap.h" />
		<Unit filename="include/vmath.hpp">
			<Option virtualFolder="Physics/" />
		</Unit>
		<Unit filename="shaders/fontRender.fs" />
		<Unit filename="shaders/fontRender.vs" />
		<Unit filename="shaders/voxelMapRender.fs" />
		<Unit filename="shaders/voxelMapRender.vs" />
		<Unit filename="src/ConfigManager.cpp">
			<Option virtualFolder="Managers/" />
		</Unit>
		<Unit filename="src/Constants.cpp">
			<Option virtualFolder="Utility/" />
		</Unit>
		<Unit filename="src/ConversionUtils.cpp">
			<Option virtualFolder="Utility/" />
		</Unit>
		<Unit filename="src/FontManager.cpp">
			<Option virtualFolder="Managers/" />
		</Unit>
		<Unit filename="src/GraphicsConfig.cpp">
			<Option virtualFolder="Configs/" />
		</Unit>
		<Unit filename="src/ImageManager.cpp">
			<Option virtualFolder="Managers/" />
		</Unit>
		<Unit filename="src/KeyBindingConfig.cpp">
			<Option virtualFolder="Configs/" />
		</Unit>
		<Unit filename="src/Logger.cpp">
			<Option virtualFolder="Utility/" />
		</Unit>
		<Unit filename="src/MapManager.cpp">
			<Option virtualFolder="Managers/" />
		</Unit>
		<Unit filename="src/Physics.cpp">
			<Option virtualFolder="Physics/" />
		</Unit>
		<Unit filename="src/PhysicsConfig.cpp">
			<Option virtualFolder="Configs/" />
		</Unit>
		<Unit filename="src/ShaderManager.cpp">
			<Option virtualFolder="Managers/" />
		</Unit>
		<Unit filename="src/Statistics.cpp" />
		<Unit filename="src/StringUtils.cpp">
			<Option virtualFolder="Utility/" />
		</Unit>
		<Unit filename="src/TemperFine.cpp" />
		<Unit filename="src/Vertex.cpp">
			<Option virtualFolder="Physics/" />
		</Unit>
		<Unit filename="src/Viewer.cpp" />
		<Unit filename="src/VoxelMap.cpp" />
		<Unit filename="src/stb_implementations.cpp">
			<Option virtualFolder="Managers/" />
		</Unit>
		<Unit filename="version.h" />
		<Extensions>
			<AutoVersioning>
				<Scheme minor_max="10" build_max="0" rev_max="0" rev_rand_max="10" build_times_to_increment_minor="100" />
				<Settings autoincrement="1" date_declarations="1" use_define="0" update_manifest="0" do_auto_increment="0" ask_to_increment="0" language="C++" svn="0" svn_directory="" header_path="version.h" />
				<Changes_Log show_changes_editor="0" app_title="released version %M.%m.%b of %p" changeslog_path="ChangesLog.txt" />
				<Code header_guard="VERSION_H" namespace="AutoVersion" prefix="" />
			</AutoVersioning>
			<code_completion />
			<envvars />
			<debugger />
			<lib_finder disable_auto="1" />
		</Extensions>
	</Project>
</CodeBlocks_project_file>
